
Microsoft Visual Studio Solution File, Format Version 12.00
# Visual Studio Version 16
VisualStudioVersion = 16.0.30717.126
MinimumVisualStudioVersion = 10.0.40219.1
Project("{FAE04EC0-301F-11D3-BF4B-00C04F79EFBC}") = "guia_conceptosBasicos_01", "guia_conceptosBasicos_01\guia_conceptosBasicos_01.csproj", "{3C509EEE-BA6D-4EEA-AF06-42261493C755}"
EndProject
Global
	GlobalSection(SolutionConfigurationPlatforms) = preSolution
		Debug|Any CPU = Debug|Any CPU
		Release|Any CPU = Release|Any CPU
	EndGlobalSection
	GlobalSection(ProjectConfigurationPlatforms) = postSolution
		{3C509EEE-BA6D-4EEA-AF06-42261493C755}.Debug|Any CPU.ActiveCfg = Debug|Any CPU
		{3C509EEE-BA6D-4EEA-AF06-42261493C755}.Debug|Any CPU.Build.0 = Debug|Any CPU
		{3C509EEE-BA6D-4EEA-AF06-42261493C755}.Release|Any CPU.ActiveCfg = Release|Any CPU
		{3C509EEE-BA6D-4EEA-AF06-42261493C755}.Release|Any CPU.Build.0 = Release|Any CPU
	EndGlobalSection
	GlobalSection(SolutionProperties) = preSolution
		HideSolutionNode = FALSE
	EndGlobalSection
	GlobalSection(ExtensibilityGlobals) = postSolution
		SolutionGuid = {4BD24A31-C1DF-43A0-AAF5-7433A410803A}
	EndGlobalSection
EndGlobal
