
Microsoft Visual Studio Solution File, Format Version 12.00
# Visual Studio Version 16
VisualStudioVersion = 16.0.30717.126
MinimumVisualStudioVersion = 10.0.40219.1
Project("{FAE04EC0-301F-11D3-BF4B-00C04F79EFBC}") = "ConsoleApp1", "ConsoleApp1\ConsoleApp1.csproj", "{44A4806F-E117-433D-A6F9-8B668AC719ED}"
EndProject
Global
	GlobalSection(SolutionConfigurationPlatforms) = preSolution
		Debug|Any CPU = Debug|Any CPU
		Release|Any CPU = Release|Any CPU
	EndGlobalSection
	GlobalSection(ProjectConfigurationPlatforms) = postSolution
		{44A4806F-E117-433D-A6F9-8B668AC719ED}.Debug|Any CPU.ActiveCfg = Debug|Any CPU
		{44A4806F-E117-433D-A6F9-8B668AC719ED}.Debug|Any CPU.Build.0 = Debug|Any CPU
		{44A4806F-E117-433D-A6F9-8B668AC719ED}.Release|Any CPU.ActiveCfg = Release|Any CPU
		{44A4806F-E117-433D-A6F9-8B668AC719ED}.Release|Any CPU.Build.0 = Release|Any CPU
	EndGlobalSection
	GlobalSection(SolutionProperties) = preSolution
		HideSolutionNode = FALSE
	EndGlobalSection
	GlobalSection(ExtensibilityGlobals) = postSolution
		SolutionGuid = {F278C1B6-30C1-4123-9EF0-5F2AD6FE7AF0}
	EndGlobalSection
EndGlobal
